
Microsoft Visual Studio Solution File, Format Version 11.00
# Visual Studio 2010
Project("{8BC9CEB8-8B4A-11D0-8D11-00A0C91BC942}") = "hwbrk", "hwbrk\hwbrk.vcxproj", "{D7A21628-E385-4248-B0D1-E67C4E45050A}"
EndProject
Global
	GlobalSection(SolutionConfigurationPlatforms) = preSolution
		Debug|Win32 = Debug|Win32
		Release|Win32 = Release|Win32
	EndGlobalSection
	GlobalSection(ProjectConfigurationPlatforms) = postSolution
		{D7A21628-E385-4248-B0D1-E67C4E45050A}.Debug|Win32.ActiveCfg = Debug|Win32
		{D7A21628-E385-4248-B0D1-E67C4E45050A}.Debug|Win32.Build.0 = Debug|Win32
		{D7A21628-E385-4248-B0D1-E67C4E45050A}.Release|Win32.ActiveCfg = Release|Win32
		{D7A21628-E385-4248-B0D1-E67C4E45050A}.Release|Win32.Build.0 = Release|Win32
	EndGlobalSection
	GlobalSection(SolutionProperties) = preSolution
		HideSolutionNode = FALSE
	EndGlobalSection
EndGlobal
